
Microsoft Visual Studio Solution File, Format Version 12.00
# Visual Studio Version 16
VisualStudioVersion = 16.0.29424.173
MinimumVisualStudioVersion = 10.0.40219.1
Project("{8BC9CEB8-8B4A-11D0-8D11-00A0C91BC942}") = "Memory", "Memory.vcxproj", "{6B37FA73-DF9D-4E30-B61A-BBD4E4C5DB15}"
EndProject
Global
	GlobalSection(SolutionConfigurationPlatforms) = preSolution
		Debug|x86 = Debug|x86
		Release|x86 = Release|x86
	EndGlobalSection
	GlobalSection(ProjectConfigurationPlatforms) = postSolution
		{6B37FA73-DF9D-4E30-B61A-BBD4E4C5DB15}.Debug|x86.ActiveCfg = Debug|Win32
		{6B37FA73-DF9D-4E30-B61A-BBD4E4C5DB15}.Debug|x86.Build.0 = Debug|Win32
		{6B37FA73-DF9D-4E30-B61A-BBD4E4C5DB15}.Release|x86.ActiveCfg = Release|Win32
		{6B37FA73-DF9D-4E30-B61A-BBD4E4C5DB15}.Release|x86.Build.0 = Release|Win32
	EndGlobalSection
	GlobalSection(SolutionProperties) = preSolution
		HideSolutionNode = FALSE
	EndGlobalSection
	GlobalSection(ExtensibilityGlobals) = postSolution
		SolutionGuid = {D822D1BC-6ED8-49FF-99F4-0CFA24CDDBC5}
	EndGlobalSection
EndGlobal
